{
  "name": "business",
  "lockfileVersion": 2,
  "requires": true,
  "packages": {
    "": {
      "license": "ISC",
      "workspaces": [
        "packages/logos"
      ]
    },
    "node_modules/@relucent/logos": {
      "resolved": "packages/logos",
      "link": true
    },
    "packages/logos": {
      "name": "@relucent/logos",
      "version": "0.0.4",
      "license": "ISC"
    }
  },
  "dependencies": {
    "@relucent/logos": {
      "version": "file:packages/logos"
    }
  }
}
